
Microsoft Visual Studio Solution File, Format Version 12.00
# Visual Studio Version 16
VisualStudioVersion = 16.0.30804.86
MinimumVisualStudioVersion = 10.0.40219.1
Project("{9A19103F-16F7-4668-BE54-9A1E7A4F7556}") = "TurboVax", "TurboVax\TurboVax.csproj", "{FA463558-5124-487A-91F3-C58CC4BF5B64}"
EndProject
Project("{2150E333-8FDC-42A3-9474-1A3956D46DE8}") = "Solution Items", "Solution Items", "{073003EF-1C0B-4A8F-AFBB-9549A5FBD1CC}"
	ProjectSection(SolutionItems) = preProject
		ReadMe.md = ReadMe.md
	EndProjectSection
EndProject
Global
	GlobalSection(SolutionConfigurationPlatforms) = preSolution
		Debug|Any CPU = Debug|Any CPU
		Release|Any CPU = Release|Any CPU
	EndGlobalSection
	GlobalSection(ProjectConfigurationPlatforms) = postSolution
		{FA463558-5124-487A-91F3-C58CC4BF5B64}.Debug|Any CPU.ActiveCfg = Debug|Any CPU
		{FA463558-5124-487A-91F3-C58CC4BF5B64}.Debug|Any CPU.Build.0 = Debug|Any CPU
		{FA463558-5124-487A-91F3-C58CC4BF5B64}.Release|Any CPU.ActiveCfg = Release|Any CPU
		{FA463558-5124-487A-91F3-C58CC4BF5B64}.Release|Any CPU.Build.0 = Release|Any CPU
	EndGlobalSection
	GlobalSection(SolutionProperties) = preSolution
		HideSolutionNode = FALSE
	EndGlobalSection
	GlobalSection(ExtensibilityGlobals) = postSolution
		SolutionGuid = {C8CC3739-02CF-4A71-9156-D2A1907AE83D}
	EndGlobalSection
EndGlobal
